// !$*UTF8*$!
{
	archiveVersion = 1;
	classes = {
	};
	objectVersion = 50;
	objects = {

/* Begin PBXBuildFile section */
		C697B89A26131E0B0063FC79 /* AppDelegate.swift in Sources */ = {isa = PBXBuildFile; fileRef = C697B89926131E0B0063FC79 /* AppDelegate.swift */; };
		C697B89D26131E0B0063FC79 /* Main.storyboard in Resources */ = {isa = PBXBuildFile; fileRef = C697B89B26131E0B0063FC79 /* Main.storyboard */; };
		C697B89F26131E0B0063FC79 /* ViewController.swift in Sources */ = {isa = PBXBuildFile; fileRef = C697B89E26131E0B0063FC79 /* ViewController.swift */; };
		C697B8A126131E0D0063FC79 /* Assets.xcassets in Resources */ = {isa = PBXBuildFile; fileRef = C697B8A026131E0D0063FC79 /* Assets.xcassets */; };
		C697B8AC26131E0D0063FC79 /* terra_connectTests.swift in Sources */ = {isa = PBXBuildFile; fileRef = C697B8AB26131E0D0063FC79 /* terra_connectTests.swift */; };
		C697B8B726131E0D0063FC79 /* terra_connectUITests.swift in Sources */ = {isa = PBXBuildFile; fileRef = C697B8B626131E0D0063FC79 /* terra_connectUITests.swift */; };
		C697B8BE26131E0D0063FC79 /* terra-connect Extension.appex in Embed App Extensions */ = {isa = PBXBuildFile; fileRef = C697B8BD26131E0D0063FC79 /* terra-connect Extension.appex */; settings = {ATTRIBUTES = (RemoveHeadersOnCopy, ); }; };
		C697B8C326131E0D0063FC79 /* Cocoa.framework in Frameworks */ = {isa = PBXBuildFile; fileRef = C697B8C226131E0D0063FC79 /* Cocoa.framework */; };
		C697B8C626131E0D0063FC79 /* SafariWebExtensionHandler.swift in Sources */ = {isa = PBXBuildFile; fileRef = C697B8C526131E0D0063FC79 /* SafariWebExtensionHandler.swift */; };
		C69D93552614C10900B6A848 /* options.html in Resources */ = {isa = PBXBuildFile; fileRef = C69D93432614C10900B6A848 /* options.html */; };
		C69D93562614C10900B6A848 /* content.js in Resources */ = {isa = PBXBuildFile; fileRef = C69D93452614C10900B6A848 /* content.js */; };
		C69D93572614C10900B6A848 /* icons in Resources */ = {isa = PBXBuildFile; fileRef = C69D93472614C10900B6A848 /* icons */; };
		C69D93582614C10900B6A848 /* dashboard.js in Resources */ = {isa = PBXBuildFile; fileRef = C69D93482614C10900B6A848 /* dashboard.js */; };
		C69D93592614C10900B6A848 /* tx.html in Resources */ = {isa = PBXBuildFile; fileRef = C69D93492614C10900B6A848 /* tx.html */; };
		C69D935A2614C10900B6A848 /* popup.js in Resources */ = {isa = PBXBuildFile; fileRef = C69D934B2614C10900B6A848 /* popup.js */; };
		C69D935B2614C10900B6A848 /* dashboard.html in Resources */ = {isa = PBXBuildFile; fileRef = C69D934C2614C10900B6A848 /* dashboard.html */; };
		C69D935C2614C10900B6A848 /* manifest.json in Resources */ = {isa = PBXBuildFile; fileRef = C69D934D2614C10900B6A848 /* manifest.json */; };
		C69D935D2614C10900B6A848 /* tx.js in Resources */ = {isa = PBXBuildFile; fileRef = C69D93502614C10900B6A848 /* tx.js */; };
		C69D935E2614C10900B6A848 /* background.js in Resources */ = {isa = PBXBuildFile; fileRef = C69D93512614C10900B6A848 /* background.js */; };
		C69D935F2614C10900B6A848 /* options.js in Resources */ = {isa = PBXBuildFile; fileRef = C69D93522614C10900B6A848 /* options.js */; };
		C69D93602614C10900B6A848 /* popup.html in Resources */ = {isa = PBXBuildFile; fileRef = C69D93542614C10900B6A848 /* popup.html */; };
/* End PBXBuildFile section */

/* Begin PBXContainerItemProxy section */
		C697B8A826131E0D0063FC79 /* PBXContainerItemProxy */ = {
			isa = PBXContainerItemProxy;
			containerPortal = C697B88D26131E0B0063FC79 /* Project object */;
			proxyType = 1;
			remoteGlobalIDString = C697B89426131E0B0063FC79;
			remoteInfo = "terra-connect";
		};
		C697B8B326131E0D0063FC79 /* PBXContainerItemProxy */ = {
			isa = PBXContainerItemProxy;
			containerPortal = C697B88D26131E0B0063FC79 /* Project object */;
			proxyType = 1;
			remoteGlobalIDString = C697B89426131E0B0063FC79;
			remoteInfo = "terra-connect";
		};
		C697B8BF26131E0D0063FC79 /* PBXContainerItemProxy */ = {
			isa = PBXContainerItemProxy;
			containerPortal = C697B88D26131E0B0063FC79 /* Project object */;
			proxyType = 1;
			remoteGlobalIDString = C697B8BC26131E0D0063FC79;
			remoteInfo = "terra-connect Extension";
		};
/* End PBXContainerItemProxy section */

/* Begin PBXCopyFilesBuildPhase section */
		C697B8DF26131E0D0063FC79 /* Embed App Extensions */ = {
			isa = PBXCopyFilesBuildPhase;
			buildActionMask = 2147483647;
			dstPath = "";
			dstSubfolderSpec = 13;
			files = (
				C697B8BE26131E0D0063FC79 /* terra-connect Extension.appex in Embed App Extensions */,
			);
			name = "Embed App Extensions";
			runOnlyForDeploymentPostprocessing = 0;
		};
/* End PBXCopyFilesBuildPhase section */

/* Begin PBXFileReference section */
		C697B89526131E0B0063FC79 /* terra-connect.app */ = {isa = PBXFileReference; explicitFileType = wrapper.application; includeInIndex = 0; path = "terra-connect.app"; sourceTree = BUILT_PRODUCTS_DIR; };
		C697B89826131E0B0063FC79 /* terra_connect.entitlements */ = {isa = PBXFileReference; lastKnownFileType = text.plist.entitlements; path = terra_connect.entitlements; sourceTree = "<group>"; };
		C697B89926131E0B0063FC79 /* AppDelegate.swift */ = {isa = PBXFileReference; lastKnownFileType = sourcecode.swift; path = AppDelegate.swift; sourceTree = "<group>"; };
		C697B89C26131E0B0063FC79 /* Base */ = {isa = PBXFileReference; lastKnownFileType = file.storyboard; name = Base; path = Base.lproj/Main.storyboard; sourceTree = "<group>"; };
		C697B89E26131E0B0063FC79 /* ViewController.swift */ = {isa = PBXFileReference; lastKnownFileType = sourcecode.swift; path = ViewController.swift; sourceTree = "<group>"; };
		C697B8A026131E0D0063FC79 /* Assets.xcassets */ = {isa = PBXFileReference; lastKnownFileType = folder.assetcatalog; path = Assets.xcassets; sourceTree = "<group>"; };
		C697B8A226131E0D0063FC79 /* Info.plist */ = {isa = PBXFileReference; lastKnownFileType = text.plist.xml; path = Info.plist; sourceTree = "<group>"; };
		C697B8A726131E0D0063FC79 /* terra-connectTests.xctest */ = {isa = PBXFileReference; explicitFileType = wrapper.cfbundle; includeInIndex = 0; path = "terra-connectTests.xctest"; sourceTree = BUILT_PRODUCTS_DIR; };
		C697B8AB26131E0D0063FC79 /* terra_connectTests.swift */ = {isa = PBXFileReference; lastKnownFileType = sourcecode.swift; path = terra_connectTests.swift; sourceTree = "<group>"; };
		C697B8AD26131E0D0063FC79 /* Info.plist */ = {isa = PBXFileReference; lastKnownFileType = text.plist.xml; path = Info.plist; sourceTree = "<group>"; };
		C697B8B226131E0D0063FC79 /* terra-connectUITests.xctest */ = {isa = PBXFileReference; explicitFileType = wrapper.cfbundle; includeInIndex = 0; path = "terra-connectUITests.xctest"; sourceTree = BUILT_PRODUCTS_DIR; };
		C697B8B626131E0D0063FC79 /* terra_connectUITests.swift */ = {isa = PBXFileReference; lastKnownFileType = sourcecode.swift; path = terra_connectUITests.swift; sourceTree = "<group>"; };
		C697B8B826131E0D0063FC79 /* Info.plist */ = {isa = PBXFileReference; lastKnownFileType = text.plist.xml; path = Info.plist; sourceTree = "<group>"; };
		C697B8BD26131E0D0063FC79 /* terra-connect Extension.appex */ = {isa = PBXFileReference; explicitFileType = "wrapper.app-extension"; includeInIndex = 0; path = "terra-connect Extension.appex"; sourceTree = BUILT_PRODUCTS_DIR; };
		C697B8C226131E0D0063FC79 /* Cocoa.framework */ = {isa = PBXFileReference; lastKnownFileType = wrapper.framework; name = Cocoa.framework; path = System/Library/Frameworks/Cocoa.framework; sourceTree = SDKROOT; };
		C697B8C526131E0D0063FC79 /* SafariWebExtensionHandler.swift */ = {isa = PBXFileReference; lastKnownFileType = sourcecode.swift; path = SafariWebExtensionHandler.swift; sourceTree = "<group>"; };
		C697B8D826131E0D0063FC79 /* Info.plist */ = {isa = PBXFileReference; lastKnownFileType = text.plist.xml; path = Info.plist; sourceTree = "<group>"; };
		C697B8D926131E0D0063FC79 /* terra_connect_Extension.entitlements */ = {isa = PBXFileReference; lastKnownFileType = text.plist.entitlements; path = terra_connect_Extension.entitlements; sourceTree = "<group>"; };
		C69D93432614C10900B6A848 /* options.html */ = {isa = PBXFileReference; fileEncoding = 4; lastKnownFileType = text.html; name = options.html; path = ../../../../apps/dev/webextension/options.html; sourceTree = "<group>"; };
		C69D93442614C10900B6A848 /* dashboard.js.map */ = {isa = PBXFileReference; fileEncoding = 4; lastKnownFileType = "sourcecode.module-map"; name = dashboard.js.map; path = ../../../../apps/dev/webextension/dashboard.js.map; sourceTree = "<group>"; };
		C69D93452614C10900B6A848 /* content.js */ = {isa = PBXFileReference; fileEncoding = 4; lastKnownFileType = sourcecode.javascript; name = content.js; path = ../../../../apps/dev/webextension/content.js; sourceTree = "<group>"; };
		C69D93462614C10900B6A848 /* content.js.map */ = {isa = PBXFileReference; fileEncoding = 4; lastKnownFileType = "sourcecode.module-map"; name = content.js.map; path = ../../../../apps/dev/webextension/content.js.map; sourceTree = "<group>"; };
		C69D93472614C10900B6A848 /* icons */ = {isa = PBXFileReference; lastKnownFileType = folder; name = icons; path = ../../../../apps/dev/webextension/icons; sourceTree = "<group>"; };
		C69D93482614C10900B6A848 /* dashboard.js */ = {isa = PBXFileReference; fileEncoding = 4; lastKnownFileType = sourcecode.javascript; name = dashboard.js; path = ../../../../apps/dev/webextension/dashboard.js; sourceTree = "<group>"; };
		C69D93492614C10900B6A848 /* tx.html */ = {isa = PBXFileReference; fileEncoding = 4; lastKnownFileType = text.html; name = tx.html; path = ../../../../apps/dev/webextension/tx.html; sourceTree = "<group>"; };
		C69D934A2614C10900B6A848 /* tx.js.map */ = {isa = PBXFileReference; fileEncoding = 4; lastKnownFileType = "sourcecode.module-map"; name = tx.js.map; path = ../../../../apps/dev/webextension/tx.js.map; sourceTree = "<group>"; };
		C69D934B2614C10900B6A848 /* popup.js */ = {isa = PBXFileReference; fileEncoding = 4; lastKnownFileType = sourcecode.javascript; name = popup.js; path = ../../../../apps/dev/webextension/popup.js; sourceTree = "<group>"; };
		C69D934C2614C10900B6A848 /* dashboard.html */ = {isa = PBXFileReference; fileEncoding = 4; lastKnownFileType = text.html; name = dashboard.html; path = ../../../../apps/dev/webextension/dashboard.html; sourceTree = "<group>"; };
		C69D934D2614C10900B6A848 /* manifest.json */ = {isa = PBXFileReference; fileEncoding = 4; lastKnownFileType = text.json; name = manifest.json; path = ../../../../apps/dev/webextension/manifest.json; sourceTree = "<group>"; };
		C69D934E2614C10900B6A848 /* popup.js.map */ = {isa = PBXFileReference; fileEncoding = 4; lastKnownFileType = "sourcecode.module-map"; name = popup.js.map; path = ../../../../apps/dev/webextension/popup.js.map; sourceTree = "<group>"; };
		C69D934F2614C10900B6A848 /* background.js.map */ = {isa = PBXFileReference; fileEncoding = 4; lastKnownFileType = "sourcecode.module-map"; name = background.js.map; path = ../../../../apps/dev/webextension/background.js.map; sourceTree = "<group>"; };
		C69D93502614C10900B6A848 /* tx.js */ = {isa = PBXFileReference; fileEncoding = 4; lastKnownFileType = sourcecode.javascript; name = tx.js; path = ../../../../apps/dev/webextension/tx.js; sourceTree = "<group>"; };
		C69D93512614C10900B6A848 /* background.js */ = {isa = PBXFileReference; fileEncoding = 4; lastKnownFileType = sourcecode.javascript; name = background.js; path = ../../../../apps/dev/webextension/background.js; sourceTree = "<group>"; };
		C69D93522614C10900B6A848 /* options.js */ = {isa = PBXFileReference; fileEncoding = 4; lastKnownFileType = sourcecode.javascript; name = options.js; path = ../../../../apps/dev/webextension/options.js; sourceTree = "<group>"; };
		C69D93532614C10900B6A848 /* options.js.map */ = {isa = PBXFileReference; fileEncoding = 4; lastKnownFileType = "sourcecode.module-map"; name = options.js.map; path = ../../../../apps/dev/webextension/options.js.map; sourceTree = "<group>"; };
		C69D93542614C10900B6A848 /* popup.html */ = {isa = PBXFileReference; fileEncoding = 4; lastKnownFileType = text.html; name = popup.html; path = ../../../../apps/dev/webextension/popup.html; sourceTree = "<group>"; };
/* End PBXFileReference section */

/* Begin PBXFrameworksBuildPhase section */
		C697B89226131E0B0063FC79 /* Frameworks */ = {
			isa = PBXFrameworksBuildPhase;
			buildActionMask = 2147483647;
			files = (
			);
			runOnlyForDeploymentPostprocessing = 0;
		};
		C697B8A426131E0D0063FC79 /* Frameworks */ = {
			isa = PBXFrameworksBuildPhase;
			buildActionMask = 2147483647;
			files = (
			);
			runOnlyForDeploymentPostprocessing = 0;
		};
		C697B8AF26131E0D0063FC79 /* Frameworks */ = {
			isa = PBXFrameworksBuildPhase;
			buildActionMask = 2147483647;
			files = (
			);
			runOnlyForDeploymentPostprocessing = 0;
		};
		C697B8BA26131E0D0063FC79 /* Frameworks */ = {
			isa = PBXFrameworksBuildPhase;
			buildActionMask = 2147483647;
			files = (
				C697B8C326131E0D0063FC79 /* Cocoa.framework in Frameworks */,
			);
			runOnlyForDeploymentPostprocessing = 0;
		};
/* End PBXFrameworksBuildPhase section */

/* Begin PBXGroup section */
		C697B88C26131E0B0063FC79 = {
			isa = PBXGroup;
			children = (
				C697B89726131E0B0063FC79 /* terra-connect */,
				C697B8AA26131E0D0063FC79 /* terra-connectTests */,
				C697B8B526131E0D0063FC79 /* terra-connectUITests */,
				C697B8C426131E0D0063FC79 /* terra-connect Extension */,
				C697B8C126131E0D0063FC79 /* Frameworks */,
				C697B89626131E0B0063FC79 /* Products */,
			);
			sourceTree = "<group>";
		};
		C697B89626131E0B0063FC79 /* Products */ = {
			isa = PBXGroup;
			children = (
				C697B89526131E0B0063FC79 /* terra-connect.app */,
				C697B8A726131E0D0063FC79 /* terra-connectTests.xctest */,
				C697B8B226131E0D0063FC79 /* terra-connectUITests.xctest */,
				C697B8BD26131E0D0063FC79 /* terra-connect Extension.appex */,
			);
			name = Products;
			sourceTree = "<group>";
		};
		C697B89726131E0B0063FC79 /* terra-connect */ = {
			isa = PBXGroup;
			children = (
				C697B89826131E0B0063FC79 /* terra_connect.entitlements */,
				C697B89926131E0B0063FC79 /* AppDelegate.swift */,
				C697B89B26131E0B0063FC79 /* Main.storyboard */,
				C697B89E26131E0B0063FC79 /* ViewController.swift */,
				C697B8A026131E0D0063FC79 /* Assets.xcassets */,
				C697B8A226131E0D0063FC79 /* Info.plist */,
			);
			path = "terra-connect";
			sourceTree = "<group>";
		};
		C697B8AA26131E0D0063FC79 /* terra-connectTests */ = {
			isa = PBXGroup;
			children = (
				C697B8AB26131E0D0063FC79 /* terra_connectTests.swift */,
				C697B8AD26131E0D0063FC79 /* Info.plist */,
			);
			path = "terra-connectTests";
			sourceTree = "<group>";
		};
		C697B8B526131E0D0063FC79 /* terra-connectUITests */ = {
			isa = PBXGroup;
			children = (
				C697B8B626131E0D0063FC79 /* terra_connectUITests.swift */,
				C697B8B826131E0D0063FC79 /* Info.plist */,
			);
			path = "terra-connectUITests";
			sourceTree = "<group>";
		};
		C697B8C126131E0D0063FC79 /* Frameworks */ = {
			isa = PBXGroup;
			children = (
				C697B8C226131E0D0063FC79 /* Cocoa.framework */,
			);
			name = Frameworks;
			sourceTree = "<group>";
		};
		C697B8C426131E0D0063FC79 /* terra-connect Extension */ = {
			isa = PBXGroup;
			children = (
				C697B8C526131E0D0063FC79 /* SafariWebExtensionHandler.swift */,
				C697B8D826131E0D0063FC79 /* Info.plist */,
				C697B8D926131E0D0063FC79 /* terra_connect_Extension.entitlements */,
				C697B8C726131E0D0063FC79 /* Resources */,
			);
			path = "terra-connect Extension";
			sourceTree = "<group>";
		};
		C697B8C726131E0D0063FC79 /* Resources */ = {
			isa = PBXGroup;
			children = (
				C69D93512614C10900B6A848 /* background.js */,
				C69D934F2614C10900B6A848 /* background.js.map */,
				C69D93452614C10900B6A848 /* content.js */,
				C69D93462614C10900B6A848 /* content.js.map */,
				C69D934C2614C10900B6A848 /* dashboard.html */,
				C69D93482614C10900B6A848 /* dashboard.js */,
				C69D93442614C10900B6A848 /* dashboard.js.map */,
				C69D93472614C10900B6A848 /* icons */,
				C69D934D2614C10900B6A848 /* manifest.json */,
				C69D93432614C10900B6A848 /* options.html */,
				C69D93522614C10900B6A848 /* options.js */,
				C69D93532614C10900B6A848 /* options.js.map */,
				C69D93542614C10900B6A848 /* popup.html */,
				C69D934B2614C10900B6A848 /* popup.js */,
				C69D934E2614C10900B6A848 /* popup.js.map */,
				C69D93492614C10900B6A848 /* tx.html */,
				C69D93502614C10900B6A848 /* tx.js */,
				C69D934A2614C10900B6A848 /* tx.js.map */,
			);
			path = Resources;
			sourceTree = "<group>";
		};
/* End PBXGroup section */

/* Begin PBXNativeTarget section */
		C697B89426131E0B0063FC79 /* terra-connect */ = {
			isa = PBXNativeTarget;
			buildConfigurationList = C697B8E026131E0D0063FC79 /* Build configuration list for PBXNativeTarget "terra-connect" */;
			buildPhases = (
				C697B89126131E0B0063FC79 /* Sources */,
				C697B89226131E0B0063FC79 /* Frameworks */,
				C697B89326131E0B0063FC79 /* Resources */,
				C697B8DF26131E0D0063FC79 /* Embed App Extensions */,
			);
			buildRules = (
			);
			dependencies = (
				C697B8C026131E0D0063FC79 /* PBXTargetDependency */,
			);
			name = "terra-connect";
			productName = "terra-connect";
			productReference = C697B89526131E0B0063FC79 /* terra-connect.app */;
			productType = "com.apple.product-type.application";
		};
		C697B8A626131E0D0063FC79 /* terra-connectTests */ = {
			isa = PBXNativeTarget;
			buildConfigurationList = C697B8E326131E0D0063FC79 /* Build configuration list for PBXNativeTarget "terra-connectTests" */;
			buildPhases = (
				C697B8A326131E0D0063FC79 /* Sources */,
				C697B8A426131E0D0063FC79 /* Frameworks */,
				C697B8A526131E0D0063FC79 /* Resources */,
			);
			buildRules = (
			);
			dependencies = (
				C697B8A926131E0D0063FC79 /* PBXTargetDependency */,
			);
			name = "terra-connectTests";
			productName = "terra-connectTests";
			productReference = C697B8A726131E0D0063FC79 /* terra-connectTests.xctest */;
			productType = "com.apple.product-type.bundle.unit-test";
		};
		C697B8B126131E0D0063FC79 /* terra-connectUITests */ = {
			isa = PBXNativeTarget;
			buildConfigurationList = C697B8E626131E0D0063FC79 /* Build configuration list for PBXNativeTarget "terra-connectUITests" */;
			buildPhases = (
				C697B8AE26131E0D0063FC79 /* Sources */,
				C697B8AF26131E0D0063FC79 /* Frameworks */,
				C697B8B026131E0D0063FC79 /* Resources */,
			);
			buildRules = (
			);
			dependencies = (
				C697B8B426131E0D0063FC79 /* PBXTargetDependency */,
			);
			name = "terra-connectUITests";
			productName = "terra-connectUITests";
			productReference = C697B8B226131E0D0063FC79 /* terra-connectUITests.xctest */;
			productType = "com.apple.product-type.bundle.ui-testing";
		};
		C697B8BC26131E0D0063FC79 /* terra-connect Extension */ = {
			isa = PBXNativeTarget;
			buildConfigurationList = C697B8DC26131E0D0063FC79 /* Build configuration list for PBXNativeTarget "terra-connect Extension" */;
			buildPhases = (
				C697B8B926131E0D0063FC79 /* Sources */,
				C697B8BA26131E0D0063FC79 /* Frameworks */,
				C697B8BB26131E0D0063FC79 /* Resources */,
			);
			buildRules = (
			);
			dependencies = (
			);
			name = "terra-connect Extension";
			productName = "terra-connect Extension";
			productReference = C697B8BD26131E0D0063FC79 /* terra-connect Extension.appex */;
			productType = "com.apple.product-type.app-extension";
		};
/* End PBXNativeTarget section */

/* Begin PBXProject section */
		C697B88D26131E0B0063FC79 /* Project object */ = {
			isa = PBXProject;
			attributes = {
				LastSwiftUpdateCheck = 1240;
				LastUpgradeCheck = 1240;
				TargetAttributes = {
					C697B89426131E0B0063FC79 = {
						CreatedOnToolsVersion = 12.4;
					};
					C697B8A626131E0D0063FC79 = {
						CreatedOnToolsVersion = 12.4;
						TestTargetID = C697B89426131E0B0063FC79;
					};
					C697B8B126131E0D0063FC79 = {
						CreatedOnToolsVersion = 12.4;
						TestTargetID = C697B89426131E0B0063FC79;
					};
					C697B8BC26131E0D0063FC79 = {
						CreatedOnToolsVersion = 12.4;
					};
				};
			};
			buildConfigurationList = C697B89026131E0B0063FC79 /* Build configuration list for PBXProject "terra-connect" */;
			compatibilityVersion = "Xcode 9.3";
			developmentRegion = en;
			hasScannedForEncodings = 0;
			knownRegions = (
				en,
				Base,
			);
			mainGroup = C697B88C26131E0B0063FC79;
			productRefGroup = C697B89626131E0B0063FC79 /* Products */;
			projectDirPath = "";
			projectRoot = "";
			targets = (
				C697B89426131E0B0063FC79 /* terra-connect */,
				C697B8A626131E0D0063FC79 /* terra-connectTests */,
				C697B8B126131E0D0063FC79 /* terra-connectUITests */,
				C697B8BC26131E0D0063FC79 /* terra-connect Extension */,
			);
		};
/* End PBXProject section */

/* Begin PBXResourcesBuildPhase section */
		C697B89326131E0B0063FC79 /* Resources */ = {
			isa = PBXResourcesBuildPhase;
			buildActionMask = 2147483647;
			files = (
				C697B8A126131E0D0063FC79 /* Assets.xcassets in Resources */,
				C697B89D26131E0B0063FC79 /* Main.storyboard in Resources */,
			);
			runOnlyForDeploymentPostprocessing = 0;
		};
		C697B8A526131E0D0063FC79 /* Resources */ = {
			isa = PBXResourcesBuildPhase;
			buildActionMask = 2147483647;
			files = (
			);
			runOnlyForDeploymentPostprocessing = 0;
		};
		C697B8B026131E0D0063FC79 /* Resources */ = {
			isa = PBXResourcesBuildPhase;
			buildActionMask = 2147483647;
			files = (
			);
			runOnlyForDeploymentPostprocessing = 0;
		};
		C697B8BB26131E0D0063FC79 /* Resources */ = {
			isa = PBXResourcesBuildPhase;
			buildActionMask = 2147483647;
			files = (
				C69D935D2614C10900B6A848 /* tx.js in Resources */,
				C69D93602614C10900B6A848 /* popup.html in Resources */,
				C69D93572614C10900B6A848 /* icons in Resources */,
				C69D935A2614C10900B6A848 /* popup.js in Resources */,
				C69D935F2614C10900B6A848 /* options.js in Resources */,
				C69D93562614C10900B6A848 /* content.js in Resources */,
				C69D935E2614C10900B6A848 /* background.js in Resources */,
				C69D935B2614C10900B6A848 /* dashboard.html in Resources */,
				C69D935C2614C10900B6A848 /* manifest.json in Resources */,
				C69D93552614C10900B6A848 /* options.html in Resources */,
				C69D93592614C10900B6A848 /* tx.html in Resources */,
				C69D93582614C10900B6A848 /* dashboard.js in Resources */,
			);
			runOnlyForDeploymentPostprocessing = 0;
		};
/* End PBXResourcesBuildPhase section */

/* Begin PBXSourcesBuildPhase section */
		C697B89126131E0B0063FC79 /* Sources */ = {
			isa = PBXSourcesBuildPhase;
			buildActionMask = 2147483647;
			files = (
				C697B89F26131E0B0063FC79 /* ViewController.swift in Sources */,
				C697B89A26131E0B0063FC79 /* AppDelegate.swift in Sources */,
			);
			runOnlyForDeploymentPostprocessing = 0;
		};
		C697B8A326131E0D0063FC79 /* Sources */ = {
			isa = PBXSourcesBuildPhase;
			buildActionMask = 2147483647;
			files = (
				C697B8AC26131E0D0063FC79 /* terra_connectTests.swift in Sources */,
			);
			runOnlyForDeploymentPostprocessing = 0;
		};
		C697B8AE26131E0D0063FC79 /* Sources */ = {
			isa = PBXSourcesBuildPhase;
			buildActionMask = 2147483647;
			files = (
				C697B8B726131E0D0063FC79 /* terra_connectUITests.swift in Sources */,
			);
			runOnlyForDeploymentPostprocessing = 0;
		};
		C697B8B926131E0D0063FC79 /* Sources */ = {
			isa = PBXSourcesBuildPhase;
			buildActionMask = 2147483647;
			files = (
				C697B8C626131E0D0063FC79 /* SafariWebExtensionHandler.swift in Sources */,
			);
			runOnlyForDeploymentPostprocessing = 0;
		};
/* End PBXSourcesBuildPhase section */

/* Begin PBXTargetDependency section */
		C697B8A926131E0D0063FC79 /* PBXTargetDependency */ = {
			isa = PBXTargetDependency;
			target = C697B89426131E0B0063FC79 /* terra-connect */;
			targetProxy = C697B8A826131E0D0063FC79 /* PBXContainerItemProxy */;
		};
		C697B8B426131E0D0063FC79 /* PBXTargetDependency */ = {
			isa = PBXTargetDependency;
			target = C697B89426131E0B0063FC79 /* terra-connect */;
			targetProxy = C697B8B326131E0D0063FC79 /* PBXContainerItemProxy */;
		};
		C697B8C026131E0D0063FC79 /* PBXTargetDependency */ = {
			isa = PBXTargetDependency;
			target = C697B8BC26131E0D0063FC79 /* terra-connect Extension */;
			targetProxy = C697B8BF26131E0D0063FC79 /* PBXContainerItemProxy */;
		};
/* End PBXTargetDependency section */

/* Begin PBXVariantGroup section */
		C697B89B26131E0B0063FC79 /* Main.storyboard */ = {
			isa = PBXVariantGroup;
			children = (
				C697B89C26131E0B0063FC79 /* Base */,
			);
			name = Main.storyboard;
			sourceTree = "<group>";
		};
/* End PBXVariantGroup section */

/* Begin XCBuildConfiguration section */
		C697B8DA26131E0D0063FC79 /* Debug */ = {
			isa = XCBuildConfiguration;
			buildSettings = {
				ALWAYS_SEARCH_USER_PATHS = NO;
				CLANG_ANALYZER_NONNULL = YES;
				CLANG_ANALYZER_NUMBER_OBJECT_CONVERSION = YES_AGGRESSIVE;
				CLANG_CXX_LANGUAGE_STANDARD = "gnu++14";
				CLANG_CXX_LIBRARY = "libc++";
				CLANG_ENABLE_MODULES = YES;
				CLANG_ENABLE_OBJC_ARC = YES;
				CLANG_ENABLE_OBJC_WEAK = YES;
				CLANG_WARN_BLOCK_CAPTURE_AUTORELEASING = YES;
				CLANG_WARN_BOOL_CONVERSION = YES;
				CLANG_WARN_COMMA = YES;
				CLANG_WARN_CONSTANT_CONVERSION = YES;
				CLANG_WARN_DEPRECATED_OBJC_IMPLEMENTATIONS = YES;
				CLANG_WARN_DIRECT_OBJC_ISA_USAGE = YES_ERROR;
				CLANG_WARN_DOCUMENTATION_COMMENTS = YES;
				CLANG_WARN_EMPTY_BODY = YES;
				CLANG_WARN_ENUM_CONVERSION = YES;
				CLANG_WARN_INFINITE_RECURSION = YES;
				CLANG_WARN_INT_CONVERSION = YES;
				CLANG_WARN_NON_LITERAL_NULL_CONVERSION = YES;
				CLANG_WARN_OBJC_IMPLICIT_RETAIN_SELF = YES;
				CLANG_WARN_OBJC_LITERAL_CONVERSION = YES;
				CLANG_WARN_OBJC_ROOT_CLASS = YES_ERROR;
				CLANG_WARN_QUOTED_INCLUDE_IN_FRAMEWORK_HEADER = YES;
				CLANG_WARN_RANGE_LOOP_ANALYSIS = YES;
				CLANG_WARN_STRICT_PROTOTYPES = YES;
				CLANG_WARN_SUSPICIOUS_MOVE = YES;
				CLANG_WARN_UNGUARDED_AVAILABILITY = YES_AGGRESSIVE;
				CLANG_WARN_UNREACHABLE_CODE = YES;
				CLANG_WARN__DUPLICATE_METHOD_MATCH = YES;
				COPY_PHASE_STRIP = NO;
				DEBUG_INFORMATION_FORMAT = dwarf;
				ENABLE_STRICT_OBJC_MSGSEND = YES;
				ENABLE_TESTABILITY = YES;
				GCC_C_LANGUAGE_STANDARD = gnu11;
				GCC_DYNAMIC_NO_PIC = NO;
				GCC_NO_COMMON_BLOCKS = YES;
				GCC_OPTIMIZATION_LEVEL = 0;
				GCC_PREPROCESSOR_DEFINITIONS = (
					"DEBUG=1",
					"$(inherited)",
				);
				GCC_WARN_64_TO_32_BIT_CONVERSION = YES;
				GCC_WARN_ABOUT_RETURN_TYPE = YES_ERROR;
				GCC_WARN_UNDECLARED_SELECTOR = YES;
				GCC_WARN_UNINITIALIZED_AUTOS = YES_AGGRESSIVE;
				GCC_WARN_UNUSED_FUNCTION = YES;
				GCC_WARN_UNUSED_VARIABLE = YES;
				MACOSX_DEPLOYMENT_TARGET = 11.1;
				MTL_ENABLE_DEBUG_INFO = INCLUDE_SOURCE;
				MTL_FAST_MATH = YES;
				ONLY_ACTIVE_ARCH = YES;
				SDKROOT = macosx;
				SWIFT_ACTIVE_COMPILATION_CONDITIONS = DEBUG;
				SWIFT_OPTIMIZATION_LEVEL = "-Onone";
			};
			name = Debug;
		};
		C697B8DB26131E0D0063FC79 /* Release */ = {
			isa = XCBuildConfiguration;
			buildSettings = {
				ALWAYS_SEARCH_USER_PATHS = NO;
				CLANG_ANALYZER_NONNULL = YES;
				CLANG_ANALYZER_NUMBER_OBJECT_CONVERSION = YES_AGGRESSIVE;
				CLANG_CXX_LANGUAGE_STANDARD = "gnu++14";
				CLANG_CXX_LIBRARY = "libc++";
				CLANG_ENABLE_MODULES = YES;
				CLANG_ENABLE_OBJC_ARC = YES;
				CLANG_ENABLE_OBJC_WEAK = YES;
				CLANG_WARN_BLOCK_CAPTURE_AUTORELEASING = YES;
				CLANG_WARN_BOOL_CONVERSION = YES;
				CLANG_WARN_COMMA = YES;
				CLANG_WARN_CONSTANT_CONVERSION = YES;
				CLANG_WARN_DEPRECATED_OBJC_IMPLEMENTATIONS = YES;
				CLANG_WARN_DIRECT_OBJC_ISA_USAGE = YES_ERROR;
				CLANG_WARN_DOCUMENTATION_COMMENTS = YES;
				CLANG_WARN_EMPTY_BODY = YES;
				CLANG_WARN_ENUM_CONVERSION = YES;
				CLANG_WARN_INFINITE_RECURSION = YES;
				CLANG_WARN_INT_CONVERSION = YES;
				CLANG_WARN_NON_LITERAL_NULL_CONVERSION = YES;
				CLANG_WARN_OBJC_IMPLICIT_RETAIN_SELF = YES;
				CLANG_WARN_OBJC_LITERAL_CONVERSION = YES;
				CLANG_WARN_OBJC_ROOT_CLASS = YES_ERROR;
				CLANG_WARN_QUOTED_INCLUDE_IN_FRAMEWORK_HEADER = YES;
				CLANG_WARN_RANGE_LOOP_ANALYSIS = YES;
				CLANG_WARN_STRICT_PROTOTYPES = YES;
				CLANG_WARN_SUSPICIOUS_MOVE = YES;
				CLANG_WARN_UNGUARDED_AVAILABILITY = YES_AGGRESSIVE;
				CLANG_WARN_UNREACHABLE_CODE = YES;
				CLANG_WARN__DUPLICATE_METHOD_MATCH = YES;
				COPY_PHASE_STRIP = NO;
				DEBUG_INFORMATION_FORMAT = "dwarf-with-dsym";
				ENABLE_NS_ASSERTIONS = NO;
				ENABLE_STRICT_OBJC_MSGSEND = YES;
				GCC_C_LANGUAGE_STANDARD = gnu11;
				GCC_NO_COMMON_BLOCKS = YES;
				GCC_WARN_64_TO_32_BIT_CONVERSION = YES;
				GCC_WARN_ABOUT_RETURN_TYPE = YES_ERROR;
				GCC_WARN_UNDECLARED_SELECTOR = YES;
				GCC_WARN_UNINITIALIZED_AUTOS = YES_AGGRESSIVE;
				GCC_WARN_UNUSED_FUNCTION = YES;
				GCC_WARN_UNUSED_VARIABLE = YES;
				MACOSX_DEPLOYMENT_TARGET = 11.1;
				MTL_ENABLE_DEBUG_INFO = NO;
				MTL_FAST_MATH = YES;
				SDKROOT = macosx;
				SWIFT_COMPILATION_MODE = wholemodule;
				SWIFT_OPTIMIZATION_LEVEL = "-O";
			};
			name = Release;
		};
		C697B8DD26131E0D0063FC79 /* Debug */ = {
			isa = XCBuildConfiguration;
			buildSettings = {
				CODE_SIGN_ENTITLEMENTS = "terra-connect Extension/terra_connect_Extension.entitlements";
				CODE_SIGN_STYLE = Automatic;
				INFOPLIST_FILE = "terra-connect Extension/Info.plist";
				LD_RUNPATH_SEARCH_PATHS = (
					"$(inherited)",
					"@executable_path/../Frameworks",
					"@executable_path/../../../../Frameworks",
				);
				MACOSX_DEPLOYMENT_TARGET = 10.14;
				PRODUCT_BUNDLE_IDENTIFIER = "terra-money.terra-connect.Extension";
				PRODUCT_NAME = "$(TARGET_NAME)";
				SKIP_INSTALL = YES;
				SWIFT_VERSION = 5.0;
			};
			name = Debug;
		};
		C697B8DE26131E0D0063FC79 /* Release */ = {
			isa = XCBuildConfiguration;
			buildSettings = {
				CODE_SIGN_ENTITLEMENTS = "terra-connect Extension/terra_connect_Extension.entitlements";
				CODE_SIGN_STYLE = Automatic;
				INFOPLIST_FILE = "terra-connect Extension/Info.plist";
				LD_RUNPATH_SEARCH_PATHS = (
					"$(inherited)",
					"@executable_path/../Frameworks",
					"@executable_path/../../../../Frameworks",
				);
				MACOSX_DEPLOYMENT_TARGET = 10.14;
				PRODUCT_BUNDLE_IDENTIFIER = "terra-money.terra-connect.Extension";
				PRODUCT_NAME = "$(TARGET_NAME)";
				SKIP_INSTALL = YES;
				SWIFT_VERSION = 5.0;
			};
			name = Release;
		};
		C697B8E126131E0D0063FC79 /* Debug */ = {
			isa = XCBuildConfiguration;
			buildSettings = {
				ALWAYS_EMBED_SWIFT_STANDARD_LIBRARIES = YES;
				ASSETCATALOG_COMPILER_APPICON_NAME = AppIcon;
				ASSETCATALOG_COMPILER_GLOBAL_ACCENT_COLOR_NAME = AccentColor;
				CODE_SIGN_ENTITLEMENTS = "terra-connect/terra_connect.entitlements";
				CODE_SIGN_STYLE = Automatic;
				COMBINE_HIDPI_IMAGES = YES;
				INFOPLIST_FILE = "terra-connect/Info.plist";
				LD_RUNPATH_SEARCH_PATHS = (
					"$(inherited)",
					"@executable_path/../Frameworks",
				);
				MACOSX_DEPLOYMENT_TARGET = 10.14;
				PRODUCT_BUNDLE_IDENTIFIER = "terra-money.terra-connect";
				PRODUCT_NAME = "$(TARGET_NAME)";
				SWIFT_VERSION = 5.0;
			};
			name = Debug;
		};
		C697B8E226131E0D0063FC79 /* Release */ = {
			isa = XCBuildConfiguration;
			buildSettings = {
				ALWAYS_EMBED_SWIFT_STANDARD_LIBRARIES = YES;
				ASSETCATALOG_COMPILER_APPICON_NAME = AppIcon;
				ASSETCATALOG_COMPILER_GLOBAL_ACCENT_COLOR_NAME = AccentColor;
				CODE_SIGN_ENTITLEMENTS = "terra-connect/terra_connect.entitlements";
				CODE_SIGN_STYLE = Automatic;
				COMBINE_HIDPI_IMAGES = YES;
				INFOPLIST_FILE = "terra-connect/Info.plist";
				LD_RUNPATH_SEARCH_PATHS = (
					"$(inherited)",
					"@executable_path/../Frameworks",
				);
				MACOSX_DEPLOYMENT_TARGET = 10.14;
				PRODUCT_BUNDLE_IDENTIFIER = "terra-money.terra-connect";
				PRODUCT_NAME = "$(TARGET_NAME)";
				SWIFT_VERSION = 5.0;
			};
			name = Release;
		};
		C697B8E426131E0D0063FC79 /* Debug */ = {
			isa = XCBuildConfiguration;
			buildSettings = {
				ALWAYS_EMBED_SWIFT_STANDARD_LIBRARIES = YES;
				BUNDLE_LOADER = "$(TEST_HOST)";
				CODE_SIGN_STYLE = Automatic;
				COMBINE_HIDPI_IMAGES = YES;
				INFOPLIST_FILE = "terra-connectTests/Info.plist";
				LD_RUNPATH_SEARCH_PATHS = (
					"$(inherited)",
					"@executable_path/../Frameworks",
					"@loader_path/../Frameworks",
				);
				MACOSX_DEPLOYMENT_TARGET = 10.14;
				PRODUCT_BUNDLE_IDENTIFIER = "terra-money.terra-connectTests";
				PRODUCT_NAME = "$(TARGET_NAME)";
				SWIFT_VERSION = 5.0;
				TEST_HOST = "$(BUILT_PRODUCTS_DIR)/terra-connect.app/Contents/MacOS/terra-connect";
			};
			name = Debug;
		};
		C697B8E526131E0D0063FC79 /* Release */ = {
			isa = XCBuildConfiguration;
			buildSettings = {
				ALWAYS_EMBED_SWIFT_STANDARD_LIBRARIES = YES;
				BUNDLE_LOADER = "$(TEST_HOST)";
				CODE_SIGN_STYLE = Automatic;
				COMBINE_HIDPI_IMAGES = YES;
				INFOPLIST_FILE = "terra-connectTests/Info.plist";
				LD_RUNPATH_SEARCH_PATHS = (
					"$(inherited)",
					"@executable_path/../Frameworks",
					"@loader_path/../Frameworks",
				);
				MACOSX_DEPLOYMENT_TARGET = 10.14;
				PRODUCT_BUNDLE_IDENTIFIER = "terra-money.terra-connectTests";
				PRODUCT_NAME = "$(TARGET_NAME)";
				SWIFT_VERSION = 5.0;
				TEST_HOST = "$(BUILT_PRODUCTS_DIR)/terra-connect.app/Contents/MacOS/terra-connect";
			};
			name = Release;
		};
		C697B8E726131E0D0063FC79 /* Debug */ = {
			isa = XCBuildConfiguration;
			buildSettings = {
				ALWAYS_EMBED_SWIFT_STANDARD_LIBRARIES = YES;
				CODE_SIGN_STYLE = Automatic;
				COMBINE_HIDPI_IMAGES = YES;
				INFOPLIST_FILE = "terra-connectUITests/Info.plist";
				LD_RUNPATH_SEARCH_PATHS = (
					"$(inherited)",
					"@executable_path/../Frameworks",
					"@loader_path/../Frameworks",
				);
				PRODUCT_BUNDLE_IDENTIFIER = "terra-money.terra-connectUITests";
				PRODUCT_NAME = "$(TARGET_NAME)";
				SWIFT_VERSION = 5.0;
				TEST_TARGET_NAME = "terra-connect";
			};
			name = Debug;
		};
		C697B8E826131E0D0063FC79 /* Release */ = {
			isa = XCBuildConfiguration;
			buildSettings = {
				ALWAYS_EMBED_SWIFT_STANDARD_LIBRARIES = YES;
				CODE_SIGN_STYLE = Automatic;
				COMBINE_HIDPI_IMAGES = YES;
				INFOPLIST_FILE = "terra-connectUITests/Info.plist";
				LD_RUNPATH_SEARCH_PATHS = (
					"$(inherited)",
					"@executable_path/../Frameworks",
					"@loader_path/../Frameworks",
				);
				PRODUCT_BUNDLE_IDENTIFIER = "terra-money.terra-connectUITests";
				PRODUCT_NAME = "$(TARGET_NAME)";
				SWIFT_VERSION = 5.0;
				TEST_TARGET_NAME = "terra-connect";
			};
			name = Release;
		};
/* End XCBuildConfiguration section */

/* Begin XCConfigurationList section */
		C697B89026131E0B0063FC79 /* Build configuration list for PBXProject "terra-connect" */ = {
			isa = XCConfigurationList;
			buildConfigurations = (
				C697B8DA26131E0D0063FC79 /* Debug */,
				C697B8DB26131E0D0063FC79 /* Release */,
			);
			defaultConfigurationIsVisible = 0;
			defaultConfigurationName = Release;
		};
		C697B8DC26131E0D0063FC79 /* Build configuration list for PBXNativeTarget "terra-connect Extension" */ = {
			isa = XCConfigurationList;
			buildConfigurations = (
				C697B8DD26131E0D0063FC79 /* Debug */,
				C697B8DE26131E0D0063FC79 /* Release */,
			);
			defaultConfigurationIsVisible = 0;
			defaultConfigurationName = Release;
		};
		C697B8E026131E0D0063FC79 /* Build configuration list for PBXNativeTarget "terra-connect" */ = {
			isa = XCConfigurationList;
			buildConfigurations = (
				C697B8E126131E0D0063FC79 /* Debug */,
				C697B8E226131E0D0063FC79 /* Release */,
			);
			defaultConfigurationIsVisible = 0;
			defaultConfigurationName = Release;
		};
		C697B8E326131E0D0063FC79 /* Build configuration list for PBXNativeTarget "terra-connectTests" */ = {
			isa = XCConfigurationList;
			buildConfigurations = (
				C697B8E426131E0D0063FC79 /* Debug */,
				C697B8E526131E0D0063FC79 /* Release */,
			);
			defaultConfigurationIsVisible = 0;
			defaultConfigurationName = Release;
		};
		C697B8E626131E0D0063FC79 /* Build configuration list for PBXNativeTarget "terra-connectUITests" */ = {
			isa = XCConfigurationList;
			buildConfigurations = (
				C697B8E726131E0D0063FC79 /* Debug */,
				C697B8E826131E0D0063FC79 /* Release */,
			);
			defaultConfigurationIsVisible = 0;
			defaultConfigurationName = Release;
		};
/* End XCConfigurationList section */
	};
	rootObject = C697B88D26131E0B0063FC79 /* Project object */;
}
